
Microsoft Visual Studio Solution File, Format Version 12.00
# Visual Studio Version 17
VisualStudioVersion = 17.1.32421.90
MinimumVisualStudioVersion = 10.0.40219.1
Project("{FAE04EC0-301F-11D3-BF4B-00C04F79EFBC}") = "DataStructureWiki II", "DataStructureWiki II.csproj", "{8A0D8B2B-C7F0-4AE6-90A8-C1C32744E035}"
EndProject
Global
	GlobalSection(SolutionConfigurationPlatforms) = preSolution
		Debug|Any CPU = Debug|Any CPU
		Release|Any CPU = Release|Any CPU
	EndGlobalSection
	GlobalSection(ProjectConfigurationPlatforms) = postSolution
		{8A0D8B2B-C7F0-4AE6-90A8-C1C32744E035}.Debug|Any CPU.ActiveCfg = Debug|Any CPU
		{8A0D8B2B-C7F0-4AE6-90A8-C1C32744E035}.Debug|Any CPU.Build.0 = Debug|Any CPU
		{8A0D8B2B-C7F0-4AE6-90A8-C1C32744E035}.Release|Any CPU.ActiveCfg = Release|Any CPU
		{8A0D8B2B-C7F0-4AE6-90A8-C1C32744E035}.Release|Any CPU.Build.0 = Release|Any CPU
	EndGlobalSection
	GlobalSection(SolutionProperties) = preSolution
		HideSolutionNode = FALSE
	EndGlobalSection
	GlobalSection(ExtensibilityGlobals) = postSolution
		SolutionGuid = {ECC8062E-8A0A-4D79-A5C6-211C8AD1A0BA}
	EndGlobalSection
EndGlobal
